// !$*UTF8*$!
{
	archiveVersion = 1;
	classes = {
	};
	objectVersion = 50;
	objects = {

/* Begin PBXBuildFile section */
		9D98F8CE260FB8CB00823ED6 /* CardsDetailsViewController.swift in Sources */ = {isa = PBXBuildFile; fileRef = 9D98F8CD260FB8CB00823ED6 /* CardsDetailsViewController.swift */; };
		9D99CED3260FFE81004310A0 /* NetworkManager.swift in Sources */ = {isa = PBXBuildFile; fileRef = 9D99CED2260FFE81004310A0 /* NetworkManager.swift */; };
		F8FE8B30260F5CA5006DEE25 /* AppDelegate.swift in Sources */ = {isa = PBXBuildFile; fileRef = F8FE8B2F260F5CA5006DEE25 /* AppDelegate.swift */; };
		F8FE8B32260F5CA5006DEE25 /* SceneDelegate.swift in Sources */ = {isa = PBXBuildFile; fileRef = F8FE8B31260F5CA5006DEE25 /* SceneDelegate.swift */; };
		F8FE8B37260F5CA5006DEE25 /* Main.storyboard in Resources */ = {isa = PBXBuildFile; fileRef = F8FE8B35260F5CA5006DEE25 /* Main.storyboard */; };
		F8FE8B3A260F5CA5006DEE25 /* coperTec_test.xcdatamodeld in Sources */ = {isa = PBXBuildFile; fileRef = F8FE8B38260F5CA5006DEE25 /* coperTec_test.xcdatamodeld */; };
		F8FE8B3C260F5CAA006DEE25 /* Assets.xcassets in Resources */ = {isa = PBXBuildFile; fileRef = F8FE8B3B260F5CAA006DEE25 /* Assets.xcassets */; };
		F8FE8B3F260F5CAA006DEE25 /* LaunchScreen.storyboard in Resources */ = {isa = PBXBuildFile; fileRef = F8FE8B3D260F5CAA006DEE25 /* LaunchScreen.storyboard */; };
		F8FE8B49260F627D006DEE25 /* CardsTableViewController.swift in Sources */ = {isa = PBXBuildFile; fileRef = F8FE8B48260F627D006DEE25 /* CardsTableViewController.swift */; };
		F8FE8B4C260F700C006DEE25 /* ServiceApi.swift in Sources */ = {isa = PBXBuildFile; fileRef = F8FE8B4B260F700C006DEE25 /* ServiceApi.swift */; };
		F8FE8B4F260F7057006DEE25 /* card.swift in Sources */ = {isa = PBXBuildFile; fileRef = F8FE8B4E260F7057006DEE25 /* card.swift */; };
		F8FE8B52260F7206006DEE25 /* CardsPresenter.swift in Sources */ = {isa = PBXBuildFile; fileRef = F8FE8B51260F7206006DEE25 /* CardsPresenter.swift */; };
		F8FE8B58260F8108006DEE25 /* CardsViewController.swift in Sources */ = {isa = PBXBuildFile; fileRef = F8FE8B57260F8108006DEE25 /* CardsViewController.swift */; };
		F8FE8B5A260F954A006DEE25 /* CardsTableViewCell.swift in Sources */ = {isa = PBXBuildFile; fileRef = F8FE8B59260F954A006DEE25 /* CardsTableViewCell.swift */; };
		FD5538EA30734F2581792E6E /* Pods_coperTec_test.framework in Frameworks */ = {isa = PBXBuildFile; fileRef = 00E9A77AAE592B4DA6BE26F3 /* Pods_coperTec_test.framework */; };
/* End PBXBuildFile section */

/* Begin PBXFileReference section */
		00E9A77AAE592B4DA6BE26F3 /* Pods_coperTec_test.framework */ = {isa = PBXFileReference; explicitFileType = wrapper.framework; includeInIndex = 0; path = Pods_coperTec_test.framework; sourceTree = BUILT_PRODUCTS_DIR; };
		4D4A5D0CE1D8B05471AD1F4F /* Pods-coperTec-test.debug.xcconfig */ = {isa = PBXFileReference; includeInIndex = 1; lastKnownFileType = text.xcconfig; name = "Pods-coperTec-test.debug.xcconfig"; path = "Target Support Files/Pods-coperTec-test/Pods-coperTec-test.debug.xcconfig"; sourceTree = "<group>"; };
		9D98F8CD260FB8CB00823ED6 /* CardsDetailsViewController.swift */ = {isa = PBXFileReference; lastKnownFileType = sourcecode.swift; path = CardsDetailsViewController.swift; sourceTree = "<group>"; };
		9D99CED2260FFE81004310A0 /* NetworkManager.swift */ = {isa = PBXFileReference; fileEncoding = 4; lastKnownFileType = sourcecode.swift; path = NetworkManager.swift; sourceTree = "<group>"; };
		D807CE8CF13F8091F182DA06 /* Pods-coperTec-test.release.xcconfig */ = {isa = PBXFileReference; includeInIndex = 1; lastKnownFileType = text.xcconfig; name = "Pods-coperTec-test.release.xcconfig"; path = "Target Support Files/Pods-coperTec-test/Pods-coperTec-test.release.xcconfig"; sourceTree = "<group>"; };
		F8FE8B2C260F5CA5006DEE25 /* coperTec-test.app */ = {isa = PBXFileReference; explicitFileType = wrapper.application; includeInIndex = 0; path = "coperTec-test.app"; sourceTree = BUILT_PRODUCTS_DIR; };
		F8FE8B2F260F5CA5006DEE25 /* AppDelegate.swift */ = {isa = PBXFileReference; lastKnownFileType = sourcecode.swift; path = AppDelegate.swift; sourceTree = "<group>"; };
		F8FE8B31260F5CA5006DEE25 /* SceneDelegate.swift */ = {isa = PBXFileReference; lastKnownFileType = sourcecode.swift; path = SceneDelegate.swift; sourceTree = "<group>"; };
		F8FE8B36260F5CA5006DEE25 /* Base */ = {isa = PBXFileReference; lastKnownFileType = file.storyboard; name = Base; path = Base.lproj/Main.storyboard; sourceTree = "<group>"; };
		F8FE8B39260F5CA5006DEE25 /* coperTec_test.xcdatamodel */ = {isa = PBXFileReference; lastKnownFileType = wrapper.xcdatamodel; path = coperTec_test.xcdatamodel; sourceTree = "<group>"; };
		F8FE8B3B260F5CAA006DEE25 /* Assets.xcassets */ = {isa = PBXFileReference; lastKnownFileType = folder.assetcatalog; path = Assets.xcassets; sourceTree = "<group>"; };
		F8FE8B3E260F5CAA006DEE25 /* Base */ = {isa = PBXFileReference; lastKnownFileType = file.storyboard; name = Base; path = Base.lproj/LaunchScreen.storyboard; sourceTree = "<group>"; };
		F8FE8B40260F5CAA006DEE25 /* Info.plist */ = {isa = PBXFileReference; lastKnownFileType = text.plist.xml; path = Info.plist; sourceTree = "<group>"; };
		F8FE8B48260F627D006DEE25 /* CardsTableViewController.swift */ = {isa = PBXFileReference; lastKnownFileType = sourcecode.swift; path = CardsTableViewController.swift; sourceTree = "<group>"; };
		F8FE8B4B260F700C006DEE25 /* ServiceApi.swift */ = {isa = PBXFileReference; lastKnownFileType = sourcecode.swift; path = ServiceApi.swift; sourceTree = "<group>"; };
		F8FE8B4E260F7057006DEE25 /* card.swift */ = {isa = PBXFileReference; lastKnownFileType = sourcecode.swift; path = card.swift; sourceTree = "<group>"; };
		F8FE8B51260F7206006DEE25 /* CardsPresenter.swift */ = {isa = PBXFileReference; lastKnownFileType = sourcecode.swift; path = CardsPresenter.swift; sourceTree = "<group>"; };
		F8FE8B57260F8108006DEE25 /* CardsViewController.swift */ = {isa = PBXFileReference; lastKnownFileType = sourcecode.swift; path = CardsViewController.swift; sourceTree = "<group>"; };
		F8FE8B59260F954A006DEE25 /* CardsTableViewCell.swift */ = {isa = PBXFileReference; lastKnownFileType = sourcecode.swift; path = CardsTableViewCell.swift; sourceTree = "<group>"; };
/* End PBXFileReference section */

/* Begin PBXFrameworksBuildPhase section */
		F8FE8B29260F5CA4006DEE25 /* Frameworks */ = {
			isa = PBXFrameworksBuildPhase;
			buildActionMask = 2147483647;
			files = (
				FD5538EA30734F2581792E6E /* Pods_coperTec_test.framework in Frameworks */,
			);
			runOnlyForDeploymentPostprocessing = 0;
		};
/* End PBXFrameworksBuildPhase section */

/* Begin PBXGroup section */
		2B41D0E650680A2E12AE28A2 /* Frameworks */ = {
			isa = PBXGroup;
			children = (
				00E9A77AAE592B4DA6BE26F3 /* Pods_coperTec_test.framework */,
			);
			name = Frameworks;
			sourceTree = "<group>";
		};
		8F29FF17B9D1829D518C4415 /* Pods */ = {
			isa = PBXGroup;
			children = (
				4D4A5D0CE1D8B05471AD1F4F /* Pods-coperTec-test.debug.xcconfig */,
				D807CE8CF13F8091F182DA06 /* Pods-coperTec-test.release.xcconfig */,
			);
			name = Pods;
			path = Pods;
			sourceTree = "<group>";
		};
		F8FE8B23260F5CA4006DEE25 = {
			isa = PBXGroup;
			children = (
				F8FE8B2E260F5CA5006DEE25 /* coperTec-test */,
				F8FE8B2D260F5CA5006DEE25 /* Products */,
				8F29FF17B9D1829D518C4415 /* Pods */,
				2B41D0E650680A2E12AE28A2 /* Frameworks */,
			);
			sourceTree = "<group>";
		};
		F8FE8B2D260F5CA5006DEE25 /* Products */ = {
			isa = PBXGroup;
			children = (
				F8FE8B2C260F5CA5006DEE25 /* coperTec-test.app */,
			);
			name = Products;
			sourceTree = "<group>";
		};
		F8FE8B2E260F5CA5006DEE25 /* coperTec-test */ = {
			isa = PBXGroup;
			children = (
				F8FE8B50260F71DA006DEE25 /* Presenters */,
				F8FE8B4D260F703C006DEE25 /* Models */,
				F8FE8B4A260F6FD8006DEE25 /* Service */,
				F8FE8B46260F6250006DEE25 /* Views */,
				F8FE8B2F260F5CA5006DEE25 /* AppDelegate.swift */,
				F8FE8B31260F5CA5006DEE25 /* SceneDelegate.swift */,
				F8FE8B35260F5CA5006DEE25 /* Main.storyboard */,
				F8FE8B3B260F5CAA006DEE25 /* Assets.xcassets */,
				F8FE8B3D260F5CAA006DEE25 /* LaunchScreen.storyboard */,
				F8FE8B40260F5CAA006DEE25 /* Info.plist */,
				F8FE8B38260F5CA5006DEE25 /* coperTec_test.xcdatamodeld */,
			);
			path = "coperTec-test";
			sourceTree = "<group>";
		};
		F8FE8B46260F6250006DEE25 /* Views */ = {
			isa = PBXGroup;
			children = (
				F8FE8B48260F627D006DEE25 /* CardsTableViewController.swift */,
				F8FE8B57260F8108006DEE25 /* CardsViewController.swift */,
				F8FE8B59260F954A006DEE25 /* CardsTableViewCell.swift */,
				9D98F8CD260FB8CB00823ED6 /* CardsDetailsViewController.swift */,
			);
			path = Views;
			sourceTree = "<group>";
		};
		F8FE8B4A260F6FD8006DEE25 /* Service */ = {
			isa = PBXGroup;
			children = (
				F8FE8B4B260F700C006DEE25 /* ServiceApi.swift */,
			);
			path = Service;
			sourceTree = "<group>";
		};
		F8FE8B4D260F703C006DEE25 /* Models */ = {
			isa = PBXGroup;
			children = (
				F8FE8B4E260F7057006DEE25 /* card.swift */,
			);
			name = Models;
			sourceTree = "<group>";
		};
		F8FE8B50260F71DA006DEE25 /* Presenters */ = {
			isa = PBXGroup;
			children = (
				9D99CED2260FFE81004310A0 /* NetworkManager.swift */,
				F8FE8B51260F7206006DEE25 /* CardsPresenter.swift */,
			);
			path = Presenters;
			sourceTree = "<group>";
		};
/* End PBXGroup section */

/* Begin PBXNativeTarget section */
		F8FE8B2B260F5CA4006DEE25 /* coperTec-test */ = {
			isa = PBXNativeTarget;
			buildConfigurationList = F8FE8B43260F5CAA006DEE25 /* Build configuration list for PBXNativeTarget "coperTec-test" */;
			buildPhases = (
				0AF68AB6E1CA28E84A9D2C01 /* [CP] Check Pods Manifest.lock */,
				F8FE8B28260F5CA4006DEE25 /* Sources */,
				F8FE8B29260F5CA4006DEE25 /* Frameworks */,
				F8FE8B2A260F5CA4006DEE25 /* Resources */,
				E2DBDF7C317AD0D0EB4855EC /* [CP] Embed Pods Frameworks */,
			);
			buildRules = (
			);
			dependencies = (
			);
			name = "coperTec-test";
			productName = "coperTec-test";
			productReference = F8FE8B2C260F5CA5006DEE25 /* coperTec-test.app */;
			productType = "com.apple.product-type.application";
		};
/* End PBXNativeTarget section */

/* Begin PBXProject section */
		F8FE8B24260F5CA4006DEE25 /* Project object */ = {
			isa = PBXProject;
			attributes = {
				LastSwiftUpdateCheck = 1140;
				LastUpgradeCheck = 1140;
				ORGANIZATIONNAME = CooperTec;
				TargetAttributes = {
					F8FE8B2B260F5CA4006DEE25 = {
						CreatedOnToolsVersion = 11.4.1;
					};
				};
			};
			buildConfigurationList = F8FE8B27260F5CA4006DEE25 /* Build configuration list for PBXProject "coperTec-test" */;
			compatibilityVersion = "Xcode 9.3";
			developmentRegion = en;
			hasScannedForEncodings = 0;
			knownRegions = (
				en,
				Base,
			);
			mainGroup = F8FE8B23260F5CA4006DEE25;
			productRefGroup = F8FE8B2D260F5CA5006DEE25 /* Products */;
			projectDirPath = "";
			projectRoot = "";
			targets = (
				F8FE8B2B260F5CA4006DEE25 /* coperTec-test */,
			);
		};
/* End PBXProject section */

/* Begin PBXResourcesBuildPhase section */
		F8FE8B2A260F5CA4006DEE25 /* Resources */ = {
			isa = PBXResourcesBuildPhase;
			buildActionMask = 2147483647;
			files = (
				F8FE8B3F260F5CAA006DEE25 /* LaunchScreen.storyboard in Resources */,
				F8FE8B3C260F5CAA006DEE25 /* Assets.xcassets in Resources */,
				F8FE8B37260F5CA5006DEE25 /* Main.storyboard in Resources */,
			);
			runOnlyForDeploymentPostprocessing = 0;
		};
/* End PBXResourcesBuildPhase section */

/* Begin PBXShellScriptBuildPhase section */
		0AF68AB6E1CA28E84A9D2C01 /* [CP] Check Pods Manifest.lock */ = {
			isa = PBXShellScriptBuildPhase;
			buildActionMask = 2147483647;
			files = (
			);
			inputFileListPaths = (
			);
			inputPaths = (
				"${PODS_PODFILE_DIR_PATH}/Podfile.lock",
				"${PODS_ROOT}/Manifest.lock",
			);
			name = "[CP] Check Pods Manifest.lock";
			outputFileListPaths = (
			);
			outputPaths = (
				"$(DERIVED_FILE_DIR)/Pods-coperTec-test-checkManifestLockResult.txt",
			);
			runOnlyForDeploymentPostprocessing = 0;
			shellPath = /bin/sh;
			shellScript = "diff \"${PODS_PODFILE_DIR_PATH}/Podfile.lock\" \"${PODS_ROOT}/Manifest.lock\" > /dev/null\nif [ $? != 0 ] ; then\n    # print error to STDERR\n    echo \"error: The sandbox is not in sync with the Podfile.lock. Run 'pod install' or update your CocoaPods installation.\" >&2\n    exit 1\nfi\n# This output is used by Xcode 'outputs' to avoid re-running this script phase.\necho \"SUCCESS\" > \"${SCRIPT_OUTPUT_FILE_0}\"\n";
			showEnvVarsInLog = 0;
		};
		E2DBDF7C317AD0D0EB4855EC /* [CP] Embed Pods Frameworks */ = {
			isa = PBXShellScriptBuildPhase;
			buildActionMask = 2147483647;
			files = (
			);
			inputFileListPaths = (
				"${PODS_ROOT}/Target Support Files/Pods-coperTec-test/Pods-coperTec-test-frameworks-${CONFIGURATION}-input-files.xcfilelist",
			);
			name = "[CP] Embed Pods Frameworks";
			outputFileListPaths = (
				"${PODS_ROOT}/Target Support Files/Pods-coperTec-test/Pods-coperTec-test-frameworks-${CONFIGURATION}-output-files.xcfilelist",
			);
			runOnlyForDeploymentPostprocessing = 0;
			shellPath = /bin/sh;
			shellScript = "\"${PODS_ROOT}/Target Support Files/Pods-coperTec-test/Pods-coperTec-test-frameworks.sh\"\n";
			showEnvVarsInLog = 0;
		};
/* End PBXShellScriptBuildPhase section */

/* Begin PBXSourcesBuildPhase section */
		F8FE8B28260F5CA4006DEE25 /* Sources */ = {
			isa = PBXSourcesBuildPhase;
			buildActionMask = 2147483647;
			files = (
				F8FE8B30260F5CA5006DEE25 /* AppDelegate.swift in Sources */,
				F8FE8B58260F8108006DEE25 /* CardsViewController.swift in Sources */,
				9D98F8CE260FB8CB00823ED6 /* CardsDetailsViewController.swift in Sources */,
				F8FE8B5A260F954A006DEE25 /* CardsTableViewCell.swift in Sources */,
				9D99CED3260FFE81004310A0 /* NetworkManager.swift in Sources */,
				F8FE8B4C260F700C006DEE25 /* ServiceApi.swift in Sources */,
				F8FE8B3A260F5CA5006DEE25 /* coperTec_test.xcdatamodeld in Sources */,
				F8FE8B52260F7206006DEE25 /* CardsPresenter.swift in Sources */,
				F8FE8B49260F627D006DEE25 /* CardsTableViewController.swift in Sources */,
				F8FE8B4F260F7057006DEE25 /* card.swift in Sources */,
				F8FE8B32260F5CA5006DEE25 /* SceneDelegate.swift in Sources */,
			);
			runOnlyForDeploymentPostprocessing = 0;
		};
/* End PBXSourcesBuildPhase section */

/* Begin PBXVariantGroup section */
		F8FE8B35260F5CA5006DEE25 /* Main.storyboard */ = {
			isa = PBXVariantGroup;
			children = (
				F8FE8B36260F5CA5006DEE25 /* Base */,
			);
			name = Main.storyboard;
			sourceTree = "<group>";
		};
		F8FE8B3D260F5CAA006DEE25 /* LaunchScreen.storyboard */ = {
			isa = PBXVariantGroup;
			children = (
				F8FE8B3E260F5CAA006DEE25 /* Base */,
			);
			name = LaunchScreen.storyboard;
			sourceTree = "<group>";
		};
/* End PBXVariantGroup section */

/* Begin XCBuildConfiguration section */
		F8FE8B41260F5CAA006DEE25 /* Debug */ = {
			isa = XCBuildConfiguration;
			buildSettings = {
				ALWAYS_SEARCH_USER_PATHS = NO;
				CLANG_ANALYZER_NONNULL = YES;
				CLANG_ANALYZER_NUMBER_OBJECT_CONVERSION = YES_AGGRESSIVE;
				CLANG_CXX_LANGUAGE_STANDARD = "gnu++14";
				CLANG_CXX_LIBRARY = "libc++";
				CLANG_ENABLE_MODULES = YES;
				CLANG_ENABLE_OBJC_ARC = YES;
				CLANG_ENABLE_OBJC_WEAK = YES;
				CLANG_WARN_BLOCK_CAPTURE_AUTORELEASING = YES;
				CLANG_WARN_BOOL_CONVERSION = YES;
				CLANG_WARN_COMMA = YES;
				CLANG_WARN_CONSTANT_CONVERSION = YES;
				CLANG_WARN_DEPRECATED_OBJC_IMPLEMENTATIONS = YES;
				CLANG_WARN_DIRECT_OBJC_ISA_USAGE = YES_ERROR;
				CLANG_WARN_DOCUMENTATION_COMMENTS = YES;
				CLANG_WARN_EMPTY_BODY = YES;
				CLANG_WARN_ENUM_CONVERSION = YES;
				CLANG_WARN_INFINITE_RECURSION = YES;
				CLANG_WARN_INT_CONVERSION = YES;
				CLANG_WARN_NON_LITERAL_NULL_CONVERSION = YES;
				CLANG_WARN_OBJC_IMPLICIT_RETAIN_SELF = YES;
				CLANG_WARN_OBJC_LITERAL_CONVERSION = YES;
				CLANG_WARN_OBJC_ROOT_CLASS = YES_ERROR;
				CLANG_WARN_RANGE_LOOP_ANALYSIS = YES;
				CLANG_WARN_STRICT_PROTOTYPES = YES;
				CLANG_WARN_SUSPICIOUS_MOVE = YES;
				CLANG_WARN_UNGUARDED_AVAILABILITY = YES_AGGRESSIVE;
				CLANG_WARN_UNREACHABLE_CODE = YES;
				CLANG_WARN__DUPLICATE_METHOD_MATCH = YES;
				COPY_PHASE_STRIP = NO;
				DEBUG_INFORMATION_FORMAT = dwarf;
				ENABLE_STRICT_OBJC_MSGSEND = YES;
				ENABLE_TESTABILITY = YES;
				GCC_C_LANGUAGE_STANDARD = gnu11;
				GCC_DYNAMIC_NO_PIC = NO;
				GCC_NO_COMMON_BLOCKS = YES;
				GCC_OPTIMIZATION_LEVEL = 0;
				GCC_PREPROCESSOR_DEFINITIONS = (
					"DEBUG=1",
					"$(inherited)",
				);
				GCC_WARN_64_TO_32_BIT_CONVERSION = YES;
				GCC_WARN_ABOUT_RETURN_TYPE = YES_ERROR;
				GCC_WARN_UNDECLARED_SELECTOR = YES;
				GCC_WARN_UNINITIALIZED_AUTOS = YES_AGGRESSIVE;
				GCC_WARN_UNUSED_FUNCTION = YES;
				GCC_WARN_UNUSED_VARIABLE = YES;
				IPHONEOS_DEPLOYMENT_TARGET = 13.4;
				MTL_ENABLE_DEBUG_INFO = INCLUDE_SOURCE;
				MTL_FAST_MATH = YES;
				ONLY_ACTIVE_ARCH = YES;
				SDKROOT = iphoneos;
				SWIFT_ACTIVE_COMPILATION_CONDITIONS = DEBUG;
				SWIFT_OPTIMIZATION_LEVEL = "-Onone";
			};
			name = Debug;
		};
		F8FE8B42260F5CAA006DEE25 /* Release */ = {
			isa = XCBuildConfiguration;
			buildSettings = {
				ALWAYS_SEARCH_USER_PATHS = NO;
				CLANG_ANALYZER_NONNULL = YES;
				CLANG_ANALYZER_NUMBER_OBJECT_CONVERSION = YES_AGGRESSIVE;
				CLANG_CXX_LANGUAGE_STANDARD = "gnu++14";
				CLANG_CXX_LIBRARY = "libc++";
				CLANG_ENABLE_MODULES = YES;
				CLANG_ENABLE_OBJC_ARC = YES;
				CLANG_ENABLE_OBJC_WEAK = YES;
				CLANG_WARN_BLOCK_CAPTURE_AUTORELEASING = YES;
				CLANG_WARN_BOOL_CONVERSION = YES;
				CLANG_WARN_COMMA = YES;
				CLANG_WARN_CONSTANT_CONVERSION = YES;
				CLANG_WARN_DEPRECATED_OBJC_IMPLEMENTATIONS = YES;
				CLANG_WARN_DIRECT_OBJC_ISA_USAGE = YES_ERROR;
				CLANG_WARN_DOCUMENTATION_COMMENTS = YES;
				CLANG_WARN_EMPTY_BODY = YES;
				CLANG_WARN_ENUM_CONVERSION = YES;
				CLANG_WARN_INFINITE_RECURSION = YES;
				CLANG_WARN_INT_CONVERSION = YES;
				CLANG_WARN_NON_LITERAL_NULL_CONVERSION = YES;
				CLANG_WARN_OBJC_IMPLICIT_RETAIN_SELF = YES;
				CLANG_WARN_OBJC_LITERAL_CONVERSION = YES;
				CLANG_WARN_OBJC_ROOT_CLASS = YES_ERROR;
				CLANG_WARN_RANGE_LOOP_ANALYSIS = YES;
				CLANG_WARN_STRICT_PROTOTYPES = YES;
				CLANG_WARN_SUSPICIOUS_MOVE = YES;
				CLANG_WARN_UNGUARDED_AVAILABILITY = YES_AGGRESSIVE;
				CLANG_WARN_UNREACHABLE_CODE = YES;
				CLANG_WARN__DUPLICATE_METHOD_MATCH = YES;
				COPY_PHASE_STRIP = NO;
				DEBUG_INFORMATION_FORMAT = "dwarf-with-dsym";
				ENABLE_NS_ASSERTIONS = NO;
				ENABLE_STRICT_OBJC_MSGSEND = YES;
				GCC_C_LANGUAGE_STANDARD = gnu11;
				GCC_NO_COMMON_BLOCKS = YES;
				GCC_WARN_64_TO_32_BIT_CONVERSION = YES;
				GCC_WARN_ABOUT_RETURN_TYPE = YES_ERROR;
				GCC_WARN_UNDECLARED_SELECTOR = YES;
				GCC_WARN_UNINITIALIZED_AUTOS = YES_AGGRESSIVE;
				GCC_WARN_UNUSED_FUNCTION = YES;
				GCC_WARN_UNUSED_VARIABLE = YES;
				IPHONEOS_DEPLOYMENT_TARGET = 13.4;
				MTL_ENABLE_DEBUG_INFO = NO;
				MTL_FAST_MATH = YES;
				SDKROOT = iphoneos;
				SWIFT_COMPILATION_MODE = wholemodule;
				SWIFT_OPTIMIZATION_LEVEL = "-O";
				VALIDATE_PRODUCT = YES;
			};
			name = Release;
		};
		F8FE8B44260F5CAA006DEE25 /* Debug */ = {
			isa = XCBuildConfiguration;
			baseConfigurationReference = 4D4A5D0CE1D8B05471AD1F4F /* Pods-coperTec-test.debug.xcconfig */;
			buildSettings = {
				ASSETCATALOG_COMPILER_APPICON_NAME = AppIcon;
				CODE_SIGN_STYLE = Automatic;
				INFOPLIST_FILE = "coperTec-test/Info.plist";
				LD_RUNPATH_SEARCH_PATHS = (
					"$(inherited)",
					"@executable_path/Frameworks",
				);
				PRODUCT_BUNDLE_IDENTIFIER = "br.com.coopertec.coperTec-test";
				PRODUCT_NAME = "$(TARGET_NAME)";
				SWIFT_VERSION = 5.0;
				TARGETED_DEVICE_FAMILY = "1,2";
			};
			name = Debug;
		};
		F8FE8B45260F5CAA006DEE25 /* Release */ = {
			isa = XCBuildConfiguration;
			baseConfigurationReference = D807CE8CF13F8091F182DA06 /* Pods-coperTec-test.release.xcconfig */;
			buildSettings = {
				ASSETCATALOG_COMPILER_APPICON_NAME = AppIcon;
				CODE_SIGN_STYLE = Automatic;
				INFOPLIST_FILE = "coperTec-test/Info.plist";
				LD_RUNPATH_SEARCH_PATHS = (
					"$(inherited)",
					"@executable_path/Frameworks",
				);
				PRODUCT_BUNDLE_IDENTIFIER = "br.com.coopertec.coperTec-test";
				PRODUCT_NAME = "$(TARGET_NAME)";
				SWIFT_VERSION = 5.0;
				TARGETED_DEVICE_FAMILY = "1,2";
			};
			name = Release;
		};
/* End XCBuildConfiguration section */

/* Begin XCConfigurationList section */
		F8FE8B27260F5CA4006DEE25 /* Build configuration list for PBXProject "coperTec-test" */ = {
			isa = XCConfigurationList;
			buildConfigurations = (
				F8FE8B41260F5CAA006DEE25 /* Debug */,
				F8FE8B42260F5CAA006DEE25 /* Release */,
			);
			defaultConfigurationIsVisible = 0;
			defaultConfigurationName = Release;
		};
		F8FE8B43260F5CAA006DEE25 /* Build configuration list for PBXNativeTarget "coperTec-test" */ = {
			isa = XCConfigurationList;
			buildConfigurations = (
				F8FE8B44260F5CAA006DEE25 /* Debug */,
				F8FE8B45260F5CAA006DEE25 /* Release */,
			);
			defaultConfigurationIsVisible = 0;
			defaultConfigurationName = Release;
		};
/* End XCConfigurationList section */

/* Begin XCVersionGroup section */
		F8FE8B38260F5CA5006DEE25 /* coperTec_test.xcdatamodeld */ = {
			isa = XCVersionGroup;
			children = (
				F8FE8B39260F5CA5006DEE25 /* coperTec_test.xcdatamodel */,
			);
			currentVersion = F8FE8B39260F5CA5006DEE25 /* coperTec_test.xcdatamodel */;
			path = coperTec_test.xcdatamodeld;
			sourceTree = "<group>";
			versionGroupType = wrapper.xcdatamodel;
		};
/* End XCVersionGroup section */
	};
	rootObject = F8FE8B24260F5CA4006DEE25 /* Project object */;
}
